// !$*UTF8*$!
{
	archiveVersion = 1;
	classes = {
	};
	objectVersion = 46;
	objects = {
/* Begin PBXBuildFile section */
		0207DA581B56EA530066E2B4 /* Images.xcassets in Resources */ = {isa = PBXBuildFile; fileRef = 0207DA571B56EA530066E2B4 /* Images.xcassets */; };
		0F32817FB1E447D5A7FE9F34 /* GCDWebServerMultiPartFormRequest.m in Sources */ = {isa = PBXBuildFile; fileRef = 5B3A175A152142448298DCE3 /* GCDWebServerMultiPartFormRequest.m */; };
		137F70A983DE4DADBE5FC316 /* GCDWebServer.m in Sources */ = {isa = PBXBuildFile; fileRef = AB0130A8CBC74BC4B7CC8AFC /* GCDWebServer.m */; };
		175AB38375A34331A2481974 /* CDVDevice.m in Sources */ = {isa = PBXBuildFile; fileRef = FFF4BCDEE42E47F9943BA322 /* CDVDevice.m */; };
		1D3623260D0F684500981E51 /* AppDelegate.m in Sources */ = {isa = PBXBuildFile; fileRef = 1D3623250D0F684500981E51 /* AppDelegate.m */; };
		1D60589B0D05DD56006BFB54 /* main.m in Sources */ = {isa = PBXBuildFile; fileRef = 29B97316FDCFA39411CA2CEA /* main.m */; };
		1E9C683322884261A12E9A70 /* GCDWebServerFileRequest.m in Sources */ = {isa = PBXBuildFile; fileRef = D7DABA043E5B463E91E4A082 /* GCDWebServerFileRequest.m */; };
		21B3708CD6004ADBA82A3DA1 /* GCDWebServerURLEncodedFormRequest.m in Sources */ = {isa = PBXBuildFile; fileRef = 97D559E53A76495D8BECFA62 /* GCDWebServerURLEncodedFormRequest.m */; };
		23356F43C8404BFBB1819750 /* GCDWebServerDataRequest.m in Sources */ = {isa = PBXBuildFile; fileRef = F53D67D4C9C14713A85830E9 /* GCDWebServerDataRequest.m */; };
		2CE4CA20A564473290F0139D /* CDVViewController+SplashScreen.m in Sources */ = {isa = PBXBuildFile; fileRef = FD2343FDA3594A55AE3AB14B /* CDVViewController+SplashScreen.m */; };
		301BF552109A68D80062928A /* libCordova.a in Frameworks */ = {isa = PBXBuildFile; fileRef = 301BF535109A57CC0062928A /* libCordova.a */; };
		302D95F114D2391D003F00A1 /* MainViewController.m in Sources */ = {isa = PBXBuildFile; fileRef = 302D95EF14D2391D003F00A1 /* MainViewController.m */; };
		302D95F214D2391D003F00A1 /* MainViewController.xib in Resources */ = {isa = PBXBuildFile; fileRef = 302D95F014D2391D003F00A1 /* MainViewController.xib */; };
		3DE8B49574ED4A82B98F2953 /* GCDWebServerDataResponse.m in Sources */ = {isa = PBXBuildFile; fileRef = 16691EADC2FD447E8929B242 /* GCDWebServerDataResponse.m */; };
		56D8C70BF2424BF084312AB0 /* CDVIonicKeyboard.m in Sources */ = {isa = PBXBuildFile; fileRef = DBF809FBBED14012A8C3973B /* CDVIonicKeyboard.m */; };
		5E111FDD2A5F437E9080C5F2 /* CDVWKProcessPoolFactory.m in Sources */ = {isa = PBXBuildFile; fileRef = 4FF42774C7AA49ADBB80E869 /* CDVWKProcessPoolFactory.m */; };
		61E3D669592949FA8A9650C5 /* GCDWebServerResponse.m in Sources */ = {isa = PBXBuildFile; fileRef = ABDBD0D188BF4ED5B3AA09DE /* GCDWebServerResponse.m */; };
		622E232CBA46499D83554D7F /* GCDWebServerErrorResponse.m in Sources */ = {isa = PBXBuildFile; fileRef = 6626C6062C0E4981A63E03B1 /* GCDWebServerErrorResponse.m */; };
		6AFF5BF91D6E424B00AB3073 /* CDVLaunchScreen.storyboard in Resources */ = {isa = PBXBuildFile; fileRef = 6AFF5BF81D6E424B00AB3073 /* CDVLaunchScreen.storyboard */; };
		6F69AE0AD68845169099D571 /* GCDWebServerConnection.m in Sources */ = {isa = PBXBuildFile; fileRef = 85F4C86E249C4DCEAF3EF80E /* GCDWebServerConnection.m */; };
		70153F4ED2A04C59B77E3543 /* WebKit.framework in Frameworks */ = {isa = PBXBuildFile; fileRef = F04AF9BCE2C44F63A68A0C0A /* WebKit.framework */; settings = {ATTRIBUTES = (Weak, ); }; };
		70721D0AF9A14F42A8657373 /* CDVWKWebViewEngine.m in Sources */ = {isa = PBXBuildFile; fileRef = E7D537A8F41E4DBAB2CD5A23 /* CDVWKWebViewEngine.m */; };
		86E1AD7DE1A5466D959D381F /* CFCallNumber.m in Sources */ = {isa = PBXBuildFile; fileRef = C88A54ED7CFD4CB289D04A8D /* CFCallNumber.m */; };
		8843A7F380594B8887A68E3C /* CDVSplashScreen.m in Sources */ = {isa = PBXBuildFile; fileRef = C0480C6D72444C18BE819719 /* CDVSplashScreen.m */; };
		955F4B2ED3114EDE80B3CCD5 /* CDVWKWebViewUIDelegate.m in Sources */ = {isa = PBXBuildFile; fileRef = A75960BE0FA1425F9E34F650 /* CDVWKWebViewUIDelegate.m */; };
		9BA2E95618AE400993843563 /* GCDWebServerFileResponse.m in Sources */ = {isa = PBXBuildFile; fileRef = CC6E967D2EE244F0BC14FB77 /* GCDWebServerFileResponse.m */; };
		BCA21702985E470B8A2721F4 /* GCDWebServerFunctions.m in Sources */ = {isa = PBXBuildFile; fileRef = 9AF43F9FF929411CB7A5DFBC /* GCDWebServerFunctions.m */; };
		C2966177C330489889DD5701 /* libz.tbd in Frameworks */ = {isa = PBXBuildFile; fileRef = 0D901C3C343443389AB5DA1D /* libz.tbd */; };
		F4C4F1198B1A4EB4A85AABA5 /* GCDWebServerStreamedResponse.m in Sources */ = {isa = PBXBuildFile; fileRef = 57263B79F2B5471B8FF26D90 /* GCDWebServerStreamedResponse.m */; };
		FDFF92CC5BF6488793CE3BE5 /* GCDWebServerRequest.m in Sources */ = {isa = PBXBuildFile; fileRef = D1455A94BCAA42C1BD99F21E /* GCDWebServerRequest.m */; };
		1F40354FF23D45CAB946CE91 /* projectBed.entitlements in Resources */ = {isa = PBXBuildFile; fileRef = A1D9BB9935574872B442C5B3 /* projectBed.entitlements */; };
		D60433EAFD8D418295AB9DEA /* GooglePlus.m in Sources */ = {isa = PBXBuildFile; fileRef = 7213E820A59341A78AA422AD /* GooglePlus.m */; };
		8AF6E7D59CD940FDBDBFB997 /* GoogleAppUtilities.framework in Frameworks */ = {isa = PBXBuildFile; fileRef = 6A949F0D5FB44CF2B1A71B32 /* GoogleAppUtilities.framework */; };
		205636B3A31B460CBEE77DF1 /* GoogleAuthUtilities.framework in Frameworks */ = {isa = PBXBuildFile; fileRef = 543ACD333C2846F380A55CA6 /* GoogleAuthUtilities.framework */; };
		58319501D4D24A00B28FBD53 /* GoogleNetworkingUtilities.framework in Frameworks */ = {isa = PBXBuildFile; fileRef = A30A235A8A6C4736BF88531F /* GoogleNetworkingUtilities.framework */; };
		7460826417A74488BAB83B51 /* GoogleSignIn.framework in Frameworks */ = {isa = PBXBuildFile; fileRef = DF3FE3934B0B463CBA4C12F7 /* GoogleSignIn.framework */; };
		56CD1F10A62E4531BC6E521E /* GoogleSymbolUtilities.framework in Frameworks */ = {isa = PBXBuildFile; fileRef = 90DC3DCE4B384D7FA7AF1B3C /* GoogleSymbolUtilities.framework */; };
		12BC3323500A4BEA81517B1D /* GoogleUtilities.framework in Frameworks */ = {isa = PBXBuildFile; fileRef = B7ED1AABF8FD48128AC41B71 /* GoogleUtilities.framework */; };
		8533020F3D684279A4659835 /* AddressBook.framework in Frameworks */ = {isa = PBXBuildFile; fileRef = 4BF56E26C046425A96EEEC86 /* AddressBook.framework */; settings = {ATTRIBUTES = (Weak, ); }; };
		67712EF0087A4EBDB98FBB03 /* CoreText.framework in Frameworks */ = {isa = PBXBuildFile; fileRef = 51F00798D26049A7A4F29F0D /* CoreText.framework */; settings = {ATTRIBUTES = (Weak, ); }; };
		F8F804D2C3DD4823B19AEDDE /* SafariServices.framework in Frameworks */ = {isa = PBXBuildFile; fileRef = 790A15E488E14F5488FF5564 /* SafariServices.framework */; settings = {ATTRIBUTES = (Weak, ); }; };
		60E94302938A48EFAAE4C2B9 /* Security.framework in Frameworks */ = {isa = PBXBuildFile; fileRef = 1C875BAC05514B71A74A0782 /* Security.framework */; settings = {ATTRIBUTES = (Weak, ); }; };
		AE7A5733B564402F9933E647 /* SystemConfiguration.framework in Frameworks */ = {isa = PBXBuildFile; fileRef = C272E5A7FC974E25AE435211 /* SystemConfiguration.framework */; settings = {ATTRIBUTES = (Weak, ); }; };
		1641C77320CB4235864AEAF7 /* libz.dylib in Frameworks */ = {isa = PBXBuildFile; fileRef = 8E1F12873F14412DB56DDB07 /* libz.dylib */; settings = {ATTRIBUTES = (Weak, ); }; };
/* End PBXBuildFile section */

/* Begin PBXContainerItemProxy section */
		301BF534109A57CC0062928A /* PBXContainerItemProxy */ = {
			isa = PBXContainerItemProxy;
			containerPortal = 301BF52D109A57CC0062928A /* CordovaLib/CordovaLib.xcodeproj */;
			proxyType = 2;
			remoteGlobalIDString = D2AAC07E0554694100DB518D;
			remoteInfo = CordovaLib;
		};
		301BF550109A68C00062928A /* PBXContainerItemProxy */ = {
			isa = PBXContainerItemProxy;
			containerPortal = 301BF52D109A57CC0062928A /* CordovaLib/CordovaLib.xcodeproj */;
			proxyType = 1;
			remoteGlobalIDString = D2AAC07D0554694100DB518D;
			remoteInfo = CordovaLib;
		};
		31E7C8B82060E81900E60698 /* PBXContainerItemProxy */ = {
			isa = PBXContainerItemProxy;
			containerPortal = 301BF52D109A57CC0062928A /* CordovaLib/CordovaLib.xcodeproj */;
			proxyType = 2;
			remoteGlobalIDString = C0C01EB21E3911D50056E6CB;
			remoteInfo = Cordova;
		};
/* End PBXContainerItemProxy section */

/* Begin PBXFileReference section */
		0207DA571B56EA530066E2B4 /* Images.xcassets */ = {isa = PBXFileReference; lastKnownFileType = folder.assetcatalog; name = Images.xcassets; path = projectBed/Images.xcassets; sourceTree = SOURCE_ROOT; };
		0D901C3C343443389AB5DA1D /* libz.tbd */ = {isa = PBXFileReference; explicitFileType = undefined; fileEncoding = 9; includeInIndex = 0; lastKnownFileType = "sourcecode.text-based-dylib-definition"; name = libz.tbd; path = usr/lib/libz.tbd; sourceTree = SDKROOT; };
		0E0D9C55C67B4864AC325F0B /* CFCallNumber.h */ = {isa = PBXFileReference; explicitFileType = undefined; fileEncoding = 4; includeInIndex = 0; lastKnownFileType = sourcecode.c.h; name = CFCallNumber.h; path = mx.ferreyra.callnumber/CFCallNumber.h; sourceTree = "<group>"; };
		1546950B8BFE42C1A5614FD8 /* CDVWKWebViewUIDelegate.h */ = {isa = PBXFileReference; explicitFileType = undefined; fileEncoding = 4; includeInIndex = 0; lastKnownFileType = sourcecode.c.h; name = CDVWKWebViewUIDelegate.h; path = "cordova-plugin-ionic-webview/CDVWKWebViewUIDelegate.h"; sourceTree = "<group>"; };
		16691EADC2FD447E8929B242 /* GCDWebServerDataResponse.m */ = {isa = PBXFileReference; explicitFileType = undefined; fileEncoding = 4; includeInIndex = 0; lastKnownFileType = sourcecode.c.objc; name = GCDWebServerDataResponse.m; path = "cordova-plugin-ionic-webview/GCDWebServerDataResponse.m"; sourceTree = "<group>"; };
		1D3623240D0F684500981E51 /* AppDelegate.h */ = {isa = PBXFileReference; fileEncoding = 4; lastKnownFileType = sourcecode.c.h; path = AppDelegate.h; sourceTree = "<group>"; };
		1D3623250D0F684500981E51 /* AppDelegate.m */ = {isa = PBXFileReference; fileEncoding = 4; lastKnownFileType = sourcecode.c.objc; path = AppDelegate.m; sourceTree = "<group>"; };
		1D6058910D05DD3D006BFB54 /* projectBed.app */ = {isa = PBXFileReference; explicitFileType = wrapper.application; includeInIndex = 0; path = projectBed.app; sourceTree = BUILT_PRODUCTS_DIR; };
		29B97316FDCFA39411CA2CEA /* main.m */ = {isa = PBXFileReference; fileEncoding = 4; lastKnownFileType = sourcecode.c.objc; path = main.m; sourceTree = "<group>"; };
		2ECF577742AE421CA2F37C02 /* GCDWebServerURLEncodedFormRequest.h */ = {isa = PBXFileReference; explicitFileType = undefined; fileEncoding = 4; includeInIndex = 0; lastKnownFileType = sourcecode.c.h; name = GCDWebServerURLEncodedFormRequest.h; path = "cordova-plugin-ionic-webview/GCDWebServerURLEncodedFormRequest.h"; sourceTree = "<group>"; };
		301BF52D109A57CC0062928A /* CordovaLib/CordovaLib.xcodeproj */ = {isa = PBXFileReference; lastKnownFileType = "wrapper.pb-project"; path = CordovaLib/CordovaLib.xcodeproj; sourceTree = "<group>"; };
		301BF56E109A69640062928A /* www */ = {isa = PBXFileReference; lastKnownFileType = folder; path = www; sourceTree = SOURCE_ROOT; };
		302D95EE14D2391D003F00A1 /* MainViewController.h */ = {isa = PBXFileReference; fileEncoding = 4; lastKnownFileType = sourcecode.c.h; path = MainViewController.h; sourceTree = "<group>"; };
		302D95EF14D2391D003F00A1 /* MainViewController.m */ = {isa = PBXFileReference; fileEncoding = 4; lastKnownFileType = sourcecode.c.objc; path = MainViewController.m; sourceTree = "<group>"; };
		302D95F014D2391D003F00A1 /* MainViewController.xib */ = {isa = PBXFileReference; fileEncoding = 4; lastKnownFileType = file.xib; path = MainViewController.xib; sourceTree = "<group>"; };
		3047A50F1AB8059700498E2A /* build-debug.xcconfig */ = {isa = PBXFileReference; fileEncoding = 4; lastKnownFileType = text.xcconfig; name = "build-debug.xcconfig"; path = "cordova/build-debug.xcconfig"; sourceTree = SOURCE_ROOT; };
		3047A5101AB8059700498E2A /* build-release.xcconfig */ = {isa = PBXFileReference; fileEncoding = 4; lastKnownFileType = text.xcconfig; name = "build-release.xcconfig"; path = "cordova/build-release.xcconfig"; sourceTree = SOURCE_ROOT; };
		3047A5111AB8059700498E2A /* build.xcconfig */ = {isa = PBXFileReference; fileEncoding = 4; lastKnownFileType = text.xcconfig; name = build.xcconfig; path = cordova/build.xcconfig; sourceTree = SOURCE_ROOT; };
		32CA4F630368D1EE00C91783 /* projectBed-Prefix.pch */ = {isa = PBXFileReference; fileEncoding = 4; lastKnownFileType = sourcecode.c.h; path = "projectBed-Prefix.pch"; sourceTree = "<group>"; };
		3C9C89920C414CE1B96CB2BA /* CDVIonicKeyboard.h */ = {isa = PBXFileReference; explicitFileType = undefined; fileEncoding = 4; includeInIndex = 0; lastKnownFileType = sourcecode.c.h; name = CDVIonicKeyboard.h; path = "cordova-plugin-ionic-keyboard/CDVIonicKeyboard.h"; sourceTree = "<group>"; };
		45C6F430F87E4265BE6114F2 /* GCDWebServerDataRequest.h */ = {isa = PBXFileReference; explicitFileType = undefined; fileEncoding = 4; includeInIndex = 0; lastKnownFileType = sourcecode.c.h; name = GCDWebServerDataRequest.h; path = "cordova-plugin-ionic-webview/GCDWebServerDataRequest.h"; sourceTree = "<group>"; };
		4FF42774C7AA49ADBB80E869 /* CDVWKProcessPoolFactory.m */ = {isa = PBXFileReference; explicitFileType = undefined; fileEncoding = 4; includeInIndex = 0; lastKnownFileType = sourcecode.c.objc; name = CDVWKProcessPoolFactory.m; path = "cordova-plugin-ionic-webview/CDVWKProcessPoolFactory.m"; sourceTree = "<group>"; };
		57263B79F2B5471B8FF26D90 /* GCDWebServerStreamedResponse.m */ = {isa = PBXFileReference; explicitFileType = undefined; fileEncoding = 4; includeInIndex = 0; lastKnownFileType = sourcecode.c.objc; name = GCDWebServerStreamedResponse.m; path = "cordova-plugin-ionic-webview/GCDWebServerStreamedResponse.m"; sourceTree = "<group>"; };
		583DBB527BC64FA2AD27F5A1 /* GCDWebServerFunctions.h */ = {isa = PBXFileReference; explicitFileType = undefined; fileEncoding = 4; includeInIndex = 0; lastKnownFileType = sourcecode.c.h; name = GCDWebServerFunctions.h; path = "cordova-plugin-ionic-webview/GCDWebServerFunctions.h"; sourceTree = "<group>"; };
		5B3A175A152142448298DCE3 /* GCDWebServerMultiPartFormRequest.m */ = {isa = PBXFileReference; explicitFileType = undefined; fileEncoding = 4; includeInIndex = 0; lastKnownFileType = sourcecode.c.objc; name = GCDWebServerMultiPartFormRequest.m; path = "cordova-plugin-ionic-webview/GCDWebServerMultiPartFormRequest.m"; sourceTree = "<group>"; };
		5BACEB3F9B9D46828DB419E0 /* GCDWebServerMultiPartFormRequest.h */ = {isa = PBXFileReference; explicitFileType = undefined; fileEncoding = 4; includeInIndex = 0; lastKnownFileType = sourcecode.c.h; name = GCDWebServerMultiPartFormRequest.h; path = "cordova-plugin-ionic-webview/GCDWebServerMultiPartFormRequest.h"; sourceTree = "<group>"; };
		6252EA651C4E4BD29ED9CF4C /* GCDWebServerErrorResponse.h */ = {isa = PBXFileReference; explicitFileType = undefined; fileEncoding = 4; includeInIndex = 0; lastKnownFileType = sourcecode.c.h; name = GCDWebServerErrorResponse.h; path = "cordova-plugin-ionic-webview/GCDWebServerErrorResponse.h"; sourceTree = "<group>"; };
		6626C6062C0E4981A63E03B1 /* GCDWebServerErrorResponse.m */ = {isa = PBXFileReference; explicitFileType = undefined; fileEncoding = 4; includeInIndex = 0; lastKnownFileType = sourcecode.c.objc; name = GCDWebServerErrorResponse.m; path = "cordova-plugin-ionic-webview/GCDWebServerErrorResponse.m"; sourceTree = "<group>"; };
		6AFF5BF81D6E424B00AB3073 /* CDVLaunchScreen.storyboard */ = {isa = PBXFileReference; fileEncoding = 4; lastKnownFileType = file.storyboard; name = CDVLaunchScreen.storyboard; path = projectBed/CDVLaunchScreen.storyboard; sourceTree = SOURCE_ROOT; };
		7A87DA989C554CCEBA738927 /* GCDWebServerPrivate.h */ = {isa = PBXFileReference; explicitFileType = undefined; fileEncoding = 4; includeInIndex = 0; lastKnownFileType = sourcecode.c.h; name = GCDWebServerPrivate.h; path = "cordova-plugin-ionic-webview/GCDWebServerPrivate.h"; sourceTree = "<group>"; };
		85F4C86E249C4DCEAF3EF80E /* GCDWebServerConnection.m */ = {isa = PBXFileReference; explicitFileType = undefined; fileEncoding = 4; includeInIndex = 0; lastKnownFileType = sourcecode.c.objc; name = GCDWebServerConnection.m; path = "cordova-plugin-ionic-webview/GCDWebServerConnection.m"; sourceTree = "<group>"; };
		8D1107310486CEB800E47090 /* projectBed-Info.plist */ = {isa = PBXFileReference; fileEncoding = 4; lastKnownFileType = text.plist.xml; name = "projectBed-Info.plist"; path = "projectBed/projectBed-Info.plist"; plistStructureDefinitionIdentifier = "com.apple.xcode.plist.structure-definition.iphone.info-plist"; sourceTree = SOURCE_ROOT; };
		97D559E53A76495D8BECFA62 /* GCDWebServerURLEncodedFormRequest.m */ = {isa = PBXFileReference; explicitFileType = undefined; fileEncoding = 4; includeInIndex = 0; lastKnownFileType = sourcecode.c.objc; name = GCDWebServerURLEncodedFormRequest.m; path = "cordova-plugin-ionic-webview/GCDWebServerURLEncodedFormRequest.m"; sourceTree = "<group>"; };
		9AF43F9FF929411CB7A5DFBC /* GCDWebServerFunctions.m */ = {isa = PBXFileReference; explicitFileType = undefined; fileEncoding = 4; includeInIndex = 0; lastKnownFileType = sourcecode.c.objc; name = GCDWebServerFunctions.m; path = "cordova-plugin-ionic-webview/GCDWebServerFunctions.m"; sourceTree = "<group>"; };
		A2AD008FA628453FBCCBC85F /* CDVDevice.h */ = {isa = PBXFileReference; explicitFileType = undefined; fileEncoding = 4; includeInIndex = 0; lastKnownFileType = sourcecode.c.h; name = CDVDevice.h; path = "cordova-plugin-device/CDVDevice.h"; sourceTree = "<group>"; };
		A75960BE0FA1425F9E34F650 /* CDVWKWebViewUIDelegate.m */ = {isa = PBXFileReference; explicitFileType = undefined; fileEncoding = 4; includeInIndex = 0; lastKnownFileType = sourcecode.c.objc; name = CDVWKWebViewUIDelegate.m; path = "cordova-plugin-ionic-webview/CDVWKWebViewUIDelegate.m"; sourceTree = "<group>"; };
		A821F45F3D1B4254A896D9E2 /* GCDWebServerStreamedResponse.h */ = {isa = PBXFileReference; explicitFileType = undefined; fileEncoding = 4; includeInIndex = 0; lastKnownFileType = sourcecode.c.h; name = GCDWebServerStreamedResponse.h; path = "cordova-plugin-ionic-webview/GCDWebServerStreamedResponse.h"; sourceTree = "<group>"; };
		AB0130A8CBC74BC4B7CC8AFC /* GCDWebServer.m */ = {isa = PBXFileReference; explicitFileType = undefined; fileEncoding = 4; includeInIndex = 0; lastKnownFileType = sourcecode.c.objc; name = GCDWebServer.m; path = "cordova-plugin-ionic-webview/GCDWebServer.m"; sourceTree = "<group>"; };
		ABDBD0D188BF4ED5B3AA09DE /* GCDWebServerResponse.m */ = {isa = PBXFileReference; explicitFileType = undefined; fileEncoding = 4; includeInIndex = 0; lastKnownFileType = sourcecode.c.objc; name = GCDWebServerResponse.m; path = "cordova-plugin-ionic-webview/GCDWebServerResponse.m"; sourceTree = "<group>"; };
		B31F3EF5C56D4E1BA1137BC0 /* CDVWKProcessPoolFactory.h */ = {isa = PBXFileReference; explicitFileType = undefined; fileEncoding = 4; includeInIndex = 0; lastKnownFileType = sourcecode.c.h; name = CDVWKProcessPoolFactory.h; path = "cordova-plugin-ionic-webview/CDVWKProcessPoolFactory.h"; sourceTree = "<group>"; };
		B3481F13F76D48CDBC414047 /* GCDWebServerFileResponse.h */ = {isa = PBXFileReference; explicitFileType = undefined; fileEncoding = 4; includeInIndex = 0; lastKnownFileType = sourcecode.c.h; name = GCDWebServerFileResponse.h; path = "cordova-plugin-ionic-webview/GCDWebServerFileResponse.h"; sourceTree = "<group>"; };
		B68B294A54394D8B83C5C468 /* GCDWebServer.h */ = {isa = PBXFileReference; explicitFileType = undefined; fileEncoding = 4; includeInIndex = 0; lastKnownFileType = sourcecode.c.h; name = GCDWebServer.h; path = "cordova-plugin-ionic-webview/GCDWebServer.h"; sourceTree = "<group>"; };
		C0480C6D72444C18BE819719 /* CDVSplashScreen.m */ = {isa = PBXFileReference; explicitFileType = undefined; fileEncoding = 4; includeInIndex = 0; lastKnownFileType = sourcecode.c.objc; name = CDVSplashScreen.m; path = "cordova-plugin-splashscreen/CDVSplashScreen.m"; sourceTree = "<group>"; };
		C45FF2E5357540A287E0F411 /* GCDWebServerHTTPStatusCodes.h */ = {isa = PBXFileReference; explicitFileType = undefined; fileEncoding = 4; includeInIndex = 0; lastKnownFileType = sourcecode.c.h; name = GCDWebServerHTTPStatusCodes.h; path = "cordova-plugin-ionic-webview/GCDWebServerHTTPStatusCodes.h"; sourceTree = "<group>"; };
		C697B9588B3E49D9BC74DB03 /* GCDWebServerRequest.h */ = {isa = PBXFileReference; explicitFileType = undefined; fileEncoding = 4; includeInIndex = 0; lastKnownFileType = sourcecode.c.h; name = GCDWebServerRequest.h; path = "cordova-plugin-ionic-webview/GCDWebServerRequest.h"; sourceTree = "<group>"; };
		C88A54ED7CFD4CB289D04A8D /* CFCallNumber.m */ = {isa = PBXFileReference; explicitFileType = undefined; fileEncoding = 4; includeInIndex = 0; lastKnownFileType = sourcecode.c.objc; name = CFCallNumber.m; path = mx.ferreyra.callnumber/CFCallNumber.m; sourceTree = "<group>"; };
		CC6E967D2EE244F0BC14FB77 /* GCDWebServerFileResponse.m */ = {isa = PBXFileReference; explicitFileType = undefined; fileEncoding = 4; includeInIndex = 0; lastKnownFileType = sourcecode.c.objc; name = GCDWebServerFileResponse.m; path = "cordova-plugin-ionic-webview/GCDWebServerFileResponse.m"; sourceTree = "<group>"; };
		CF8E9CBEC05E40F19C84D420 /* GCDWebServerConnection.h */ = {isa = PBXFileReference; explicitFileType = undefined; fileEncoding = 4; includeInIndex = 0; lastKnownFileType = sourcecode.c.h; name = GCDWebServerConnection.h; path = "cordova-plugin-ionic-webview/GCDWebServerConnection.h"; sourceTree = "<group>"; };
		D1455A94BCAA42C1BD99F21E /* GCDWebServerRequest.m */ = {isa = PBXFileReference; explicitFileType = undefined; fileEncoding = 4; includeInIndex = 0; lastKnownFileType = sourcecode.c.objc; name = GCDWebServerRequest.m; path = "cordova-plugin-ionic-webview/GCDWebServerRequest.m"; sourceTree = "<group>"; };
		D7DABA043E5B463E91E4A082 /* GCDWebServerFileRequest.m */ = {isa = PBXFileReference; explicitFileType = undefined; fileEncoding = 4; includeInIndex = 0; lastKnownFileType = sourcecode.c.objc; name = GCDWebServerFileRequest.m; path = "cordova-plugin-ionic-webview/GCDWebServerFileRequest.m"; sourceTree = "<group>"; };
		DB9C8ED45BAB4AF8973F956C /* CDVSplashScreen.h */ = {isa = PBXFileReference; explicitFileType = undefined; fileEncoding = 4; includeInIndex = 0; lastKnownFileType = sourcecode.c.h; name = CDVSplashScreen.h; path = "cordova-plugin-splashscreen/CDVSplashScreen.h"; sourceTree = "<group>"; };
		DBF809FBBED14012A8C3973B /* CDVIonicKeyboard.m */ = {isa = PBXFileReference; explicitFileType = undefined; fileEncoding = 4; includeInIndex = 0; lastKnownFileType = sourcecode.c.objc; name = CDVIonicKeyboard.m; path = "cordova-plugin-ionic-keyboard/CDVIonicKeyboard.m"; sourceTree = "<group>"; };
		E195F0979EB54D728FA4CEC9 /* CDVViewController+SplashScreen.h */ = {isa = PBXFileReference; explicitFileType = undefined; fileEncoding = 4; includeInIndex = 0; lastKnownFileType = sourcecode.c.h; name = "CDVViewController+SplashScreen.h"; path = "cordova-plugin-splashscreen/CDVViewController+SplashScreen.h"; sourceTree = "<group>"; };
		E7D537A8F41E4DBAB2CD5A23 /* CDVWKWebViewEngine.m */ = {isa = PBXFileReference; explicitFileType = undefined; fileEncoding = 4; includeInIndex = 0; lastKnownFileType = sourcecode.c.objc; name = CDVWKWebViewEngine.m; path = "cordova-plugin-ionic-webview/CDVWKWebViewEngine.m"; sourceTree = "<group>"; };
		E7F156ED60C247B5B4C72121 /* GCDWebServerFileRequest.h */ = {isa = PBXFileReference; explicitFileType = undefined; fileEncoding = 4; includeInIndex = 0; lastKnownFileType = sourcecode.c.h; name = GCDWebServerFileRequest.h; path = "cordova-plugin-ionic-webview/GCDWebServerFileRequest.h"; sourceTree = "<group>"; };
		EA7DCF124372439BB5F80E22 /* GCDWebServerDataResponse.h */ = {isa = PBXFileReference; explicitFileType = undefined; fileEncoding = 4; includeInIndex = 0; lastKnownFileType = sourcecode.c.h; name = GCDWebServerDataResponse.h; path = "cordova-plugin-ionic-webview/GCDWebServerDataResponse.h"; sourceTree = "<group>"; };
		EB87FDF31871DA8E0020F90C /* www */ = {isa = PBXFileReference; lastKnownFileType = folder; name = www; path = ../../www; sourceTree = "<group>"; };
		EB87FDF41871DAF40020F90C /* config.xml */ = {isa = PBXFileReference; lastKnownFileType = text.xml; name = config.xml; path = ../../config.xml; sourceTree = "<group>"; };
		ED33DF2A687741AEAF9F8254 /* Bridging-Header.h */ = {isa = PBXFileReference; fileEncoding = 4; lastKnownFileType = sourcecode.c.h; path = "Bridging-Header.h"; sourceTree = "<group>"; };
		F04AF9BCE2C44F63A68A0C0A /* WebKit.framework */ = {isa = PBXFileReference; explicitFileType = undefined; fileEncoding = 9; includeInIndex = 0; lastKnownFileType = wrapper.framework; name = WebKit.framework; path = System/Library/Frameworks/WebKit.framework; sourceTree = SDKROOT; };
		F3357F601DCB4A1D9ACEDB1A /* CDVWKWebViewEngine.h */ = {isa = PBXFileReference; explicitFileType = undefined; fileEncoding = 4; includeInIndex = 0; lastKnownFileType = sourcecode.c.h; name = CDVWKWebViewEngine.h; path = "cordova-plugin-ionic-webview/CDVWKWebViewEngine.h"; sourceTree = "<group>"; };
		F53D67D4C9C14713A85830E9 /* GCDWebServerDataRequest.m */ = {isa = PBXFileReference; explicitFileType = undefined; fileEncoding = 4; includeInIndex = 0; lastKnownFileType = sourcecode.c.objc; name = GCDWebServerDataRequest.m; path = "cordova-plugin-ionic-webview/GCDWebServerDataRequest.m"; sourceTree = "<group>"; };
		F81C2C8762C346EC88B7F46E /* GCDWebServerResponse.h */ = {isa = PBXFileReference; explicitFileType = undefined; fileEncoding = 4; includeInIndex = 0; lastKnownFileType = sourcecode.c.h; name = GCDWebServerResponse.h; path = "cordova-plugin-ionic-webview/GCDWebServerResponse.h"; sourceTree = "<group>"; };
		F840E1F0165FE0F500CFE078 /* config.xml */ = {isa = PBXFileReference; lastKnownFileType = text.xml; name = config.xml; path = projectBed/config.xml; sourceTree = "<group>"; };
		FD2343FDA3594A55AE3AB14B /* CDVViewController+SplashScreen.m */ = {isa = PBXFileReference; explicitFileType = undefined; fileEncoding = 4; includeInIndex = 0; lastKnownFileType = sourcecode.c.objc; name = "CDVViewController+SplashScreen.m"; path = "cordova-plugin-splashscreen/CDVViewController+SplashScreen.m"; sourceTree = "<group>"; };
		FFF4BCDEE42E47F9943BA322 /* CDVDevice.m */ = {isa = PBXFileReference; explicitFileType = undefined; fileEncoding = 4; includeInIndex = 0; lastKnownFileType = sourcecode.c.objc; name = CDVDevice.m; path = "cordova-plugin-device/CDVDevice.m"; sourceTree = "<group>"; };
		A1D9BB9935574872B442C5B3 /* projectBed.entitlements */ = {isa = PBXFileReference; lastKnownFileType = unknown; name = "projectBed.entitlements"; path = "projectBed.entitlements"; sourceTree = "<group>"; fileEncoding = 4; };
		7213E820A59341A78AA422AD /* GooglePlus.m */ = {isa = PBXFileReference; name = "GooglePlus.m"; path = "cordova-plugin-googleplus/GooglePlus.m"; sourceTree = "<group>"; fileEncoding = 4; lastKnownFileType = sourcecode.c.objc; explicitFileType = undefined; includeInIndex = 0; };
		479CE52CEB3E4A4EB72DC6E3 /* GooglePlus.h */ = {isa = PBXFileReference; name = "GooglePlus.h"; path = "cordova-plugin-googleplus/GooglePlus.h"; sourceTree = "<group>"; fileEncoding = 4; lastKnownFileType = sourcecode.c.h; explicitFileType = undefined; includeInIndex = 0; };
		6A949F0D5FB44CF2B1A71B32 /* GoogleAppUtilities.framework */ = {isa = PBXFileReference; name = "GoogleAppUtilities.framework"; path = "projectBed/Plugins/cordova-plugin-googleplus/GoogleAppUtilities.framework"; sourceTree = "<group>"; fileEncoding = undefined; lastKnownFileType = wrapper.framework; explicitFileType = undefined; includeInIndex = 0; };
		543ACD333C2846F380A55CA6 /* GoogleAuthUtilities.framework */ = {isa = PBXFileReference; name = "GoogleAuthUtilities.framework"; path = "projectBed/Plugins/cordova-plugin-googleplus/GoogleAuthUtilities.framework"; sourceTree = "<group>"; fileEncoding = undefined; lastKnownFileType = wrapper.framework; explicitFileType = undefined; includeInIndex = 0; };
		A30A235A8A6C4736BF88531F /* GoogleNetworkingUtilities.framework */ = {isa = PBXFileReference; name = "GoogleNetworkingUtilities.framework"; path = "projectBed/Plugins/cordova-plugin-googleplus/GoogleNetworkingUtilities.framework"; sourceTree = "<group>"; fileEncoding = undefined; lastKnownFileType = wrapper.framework; explicitFileType = undefined; includeInIndex = 0; };
		DF3FE3934B0B463CBA4C12F7 /* GoogleSignIn.framework */ = {isa = PBXFileReference; name = "GoogleSignIn.framework"; path = "projectBed/Plugins/cordova-plugin-googleplus/GoogleSignIn.framework"; sourceTree = "<group>"; fileEncoding = undefined; lastKnownFileType = wrapper.framework; explicitFileType = undefined; includeInIndex = 0; };
		90DC3DCE4B384D7FA7AF1B3C /* GoogleSymbolUtilities.framework */ = {isa = PBXFileReference; name = "GoogleSymbolUtilities.framework"; path = "projectBed/Plugins/cordova-plugin-googleplus/GoogleSymbolUtilities.framework"; sourceTree = "<group>"; fileEncoding = undefined; lastKnownFileType = wrapper.framework; explicitFileType = undefined; includeInIndex = 0; };
		B7ED1AABF8FD48128AC41B71 /* GoogleUtilities.framework */ = {isa = PBXFileReference; name = "GoogleUtilities.framework"; path = "projectBed/Plugins/cordova-plugin-googleplus/GoogleUtilities.framework"; sourceTree = "<group>"; fileEncoding = undefined; lastKnownFileType = wrapper.framework; explicitFileType = undefined; includeInIndex = 0; };
		4BF56E26C046425A96EEEC86 /* AddressBook.framework */ = {isa = PBXFileReference; name = "AddressBook.framework"; path = "System/Library/Frameworks/AddressBook.framework"; sourceTree = SDKROOT; fileEncoding = undefined; lastKnownFileType = wrapper.framework; explicitFileType = undefined; includeInIndex = 0; };
		51F00798D26049A7A4F29F0D /* CoreText.framework */ = {isa = PBXFileReference; name = "CoreText.framework"; path = "System/Library/Frameworks/CoreText.framework"; sourceTree = SDKROOT; fileEncoding = undefined; lastKnownFileType = wrapper.framework; explicitFileType = undefined; includeInIndex = 0; };
		790A15E488E14F5488FF5564 /* SafariServices.framework */ = {isa = PBXFileReference; name = "SafariServices.framework"; path = "System/Library/Frameworks/SafariServices.framework"; sourceTree = SDKROOT; fileEncoding = undefined; lastKnownFileType = wrapper.framework; explicitFileType = undefined; includeInIndex = 0; };
		1C875BAC05514B71A74A0782 /* Security.framework */ = {isa = PBXFileReference; name = "Security.framework"; path = "System/Library/Frameworks/Security.framework"; sourceTree = SDKROOT; fileEncoding = undefined; lastKnownFileType = wrapper.framework; explicitFileType = undefined; includeInIndex = 0; };
		C272E5A7FC974E25AE435211 /* SystemConfiguration.framework */ = {isa = PBXFileReference; name = "SystemConfiguration.framework"; path = "System/Library/Frameworks/SystemConfiguration.framework"; sourceTree = SDKROOT; fileEncoding = undefined; lastKnownFileType = wrapper.framework; explicitFileType = undefined; includeInIndex = 0; };
		8E1F12873F14412DB56DDB07 /* libz.dylib */ = {isa = PBXFileReference; name = "libz.dylib"; path = "usr/lib/libz.dylib"; sourceTree = SDKROOT; fileEncoding = undefined; lastKnownFileType = compiled.mach-o.dylib; explicitFileType = undefined; includeInIndex = 0; };
/* End PBXFileReference section */

/* Begin PBXFrameworksBuildPhase section */
		1D60588F0D05DD3D006BFB54 /* Frameworks */ = {
			isa = PBXFrameworksBuildPhase;
			buildActionMask = 2147483647;
			files = (
				301BF552109A68D80062928A /* libCordova.a in Frameworks */,
				C2966177C330489889DD5701 /* libz.tbd in Frameworks */,
				70153F4ED2A04C59B77E3543 /* WebKit.framework in Frameworks */,
				8AF6E7D59CD940FDBDBFB997 /* GoogleAppUtilities.framework in Frameworks */,
				205636B3A31B460CBEE77DF1 /* GoogleAuthUtilities.framework in Frameworks */,
				58319501D4D24A00B28FBD53 /* GoogleNetworkingUtilities.framework in Frameworks */,
				7460826417A74488BAB83B51 /* GoogleSignIn.framework in Frameworks */,
				56CD1F10A62E4531BC6E521E /* GoogleSymbolUtilities.framework in Frameworks */,
				12BC3323500A4BEA81517B1D /* GoogleUtilities.framework in Frameworks */,
				8533020F3D684279A4659835 /* AddressBook.framework in Frameworks */,
				67712EF0087A4EBDB98FBB03 /* CoreText.framework in Frameworks */,
				F8F804D2C3DD4823B19AEDDE /* SafariServices.framework in Frameworks */,
				60E94302938A48EFAAE4C2B9 /* Security.framework in Frameworks */,
				AE7A5733B564402F9933E647 /* SystemConfiguration.framework in Frameworks */,
				1641C77320CB4235864AEAF7 /* libz.dylib in Frameworks */,
			);
			runOnlyForDeploymentPostprocessing = 0;
		};
/* End PBXFrameworksBuildPhase section */

/* Begin PBXGroup section */
		080E96DDFE201D6D7F000001 /* Classes */ = {
			isa = PBXGroup;
			children = (
				302D95EE14D2391D003F00A1 /* MainViewController.h */,
				302D95EF14D2391D003F00A1 /* MainViewController.m */,
				302D95F014D2391D003F00A1 /* MainViewController.xib */,
				1D3623240D0F684500981E51 /* AppDelegate.h */,
				1D3623250D0F684500981E51 /* AppDelegate.m */,
			);
			name = Classes;
			path = projectBed/Classes;
			sourceTree = SOURCE_ROOT;
		};
		19C28FACFE9D520D11CA2CBB /* Products */ = {
			isa = PBXGroup;
			children = (
				1D6058910D05DD3D006BFB54 /* projectBed.app */,
			);
			name = Products;
			sourceTree = "<group>";
		};
		29B97314FDCFA39411CA2CEA /* CustomTemplate */ = {
			isa = PBXGroup;
			children = (
				EB87FDF41871DAF40020F90C /* config.xml */,
				EB87FDF31871DA8E0020F90C /* www */,
				EB87FDF11871DA420020F90C /* Staging */,
				301BF52D109A57CC0062928A /* CordovaLib/CordovaLib.xcodeproj */,
				080E96DDFE201D6D7F000001 /* Classes */,
				307C750510C5A3420062BCA9 /* Plugins */,
				29B97315FDCFA39411CA2CEA /* Other Sources */,
				29B97317FDCFA39411CA2CEA /* Resources */,
				29B97323FDCFA39411CA2CEA /* Frameworks */,
				19C28FACFE9D520D11CA2CBB /* Products */,
			);
			name = CustomTemplate;
			sourceTree = "<group>";
		};
		29B97315FDCFA39411CA2CEA /* Other Sources */ = {
			isa = PBXGroup;
			children = (
				32CA4F630368D1EE00C91783 /* projectBed-Prefix.pch */,
				29B97316FDCFA39411CA2CEA /* main.m */,
				ED33DF2A687741AEAF9F8254 /* Bridging-Header.h */,
			);
			name = "Other Sources";
			path = projectBed;
			sourceTree = "<group>";
		};
		29B97317FDCFA39411CA2CEA /* Resources */ = {
			isa = PBXGroup;
			children = (
				0207DA571B56EA530066E2B4 /* Images.xcassets */,
				3047A50E1AB8057F00498E2A /* config */,
				8D1107310486CEB800E47090 /* projectBed-Info.plist */,
				6AFF5BF81D6E424B00AB3073 /* CDVLaunchScreen.storyboard */,
				A1D9BB9935574872B442C5B3 /* projectBed.entitlements */,
			);
			name = Resources;
			path = projectBed/Resources;
			sourceTree = "<group>";
		};
		29B97323FDCFA39411CA2CEA /* Frameworks */ = {
			isa = PBXGroup;
			children = (
				0D901C3C343443389AB5DA1D /* libz.tbd */,
				F04AF9BCE2C44F63A68A0C0A /* WebKit.framework */,
				6A949F0D5FB44CF2B1A71B32 /* GoogleAppUtilities.framework */,
				543ACD333C2846F380A55CA6 /* GoogleAuthUtilities.framework */,
				A30A235A8A6C4736BF88531F /* GoogleNetworkingUtilities.framework */,
				DF3FE3934B0B463CBA4C12F7 /* GoogleSignIn.framework */,
				90DC3DCE4B384D7FA7AF1B3C /* GoogleSymbolUtilities.framework */,
				B7ED1AABF8FD48128AC41B71 /* GoogleUtilities.framework */,
				4BF56E26C046425A96EEEC86 /* AddressBook.framework */,
				51F00798D26049A7A4F29F0D /* CoreText.framework */,
				790A15E488E14F5488FF5564 /* SafariServices.framework */,
				1C875BAC05514B71A74A0782 /* Security.framework */,
				C272E5A7FC974E25AE435211 /* SystemConfiguration.framework */,
				8E1F12873F14412DB56DDB07 /* libz.dylib */,
			);
			name = Frameworks;
			sourceTree = "<group>";
		};
		301BF52E109A57CC0062928A /* Products */ = {
			isa = PBXGroup;
			children = (
				301BF535109A57CC0062928A /* libCordova.a */,
				31E7C8B92060E81900E60698 /* Cordova.framework */,
			);
			name = Products;
			sourceTree = "<group>";
		};
		3047A50E1AB8057F00498E2A /* config */ = {
			isa = PBXGroup;
			children = (
				3047A50F1AB8059700498E2A /* build-debug.xcconfig */,
				3047A5101AB8059700498E2A /* build-release.xcconfig */,
				3047A5111AB8059700498E2A /* build.xcconfig */,
			);
			name = config;
			sourceTree = "<group>";
		};
		307C750510C5A3420062BCA9 /* Plugins */ = {
			isa = PBXGroup;
			children = (
				FFF4BCDEE42E47F9943BA322 /* CDVDevice.m */,
				A2AD008FA628453FBCCBC85F /* CDVDevice.h */,
				C0480C6D72444C18BE819719 /* CDVSplashScreen.m */,
				FD2343FDA3594A55AE3AB14B /* CDVViewController+SplashScreen.m */,
				DB9C8ED45BAB4AF8973F956C /* CDVSplashScreen.h */,
				E195F0979EB54D728FA4CEC9 /* CDVViewController+SplashScreen.h */,
				E7D537A8F41E4DBAB2CD5A23 /* CDVWKWebViewEngine.m */,
				A75960BE0FA1425F9E34F650 /* CDVWKWebViewUIDelegate.m */,
				4FF42774C7AA49ADBB80E869 /* CDVWKProcessPoolFactory.m */,
				AB0130A8CBC74BC4B7CC8AFC /* GCDWebServer.m */,
				85F4C86E249C4DCEAF3EF80E /* GCDWebServerConnection.m */,
				9AF43F9FF929411CB7A5DFBC /* GCDWebServerFunctions.m */,
				D1455A94BCAA42C1BD99F21E /* GCDWebServerRequest.m */,
				ABDBD0D188BF4ED5B3AA09DE /* GCDWebServerResponse.m */,
				F53D67D4C9C14713A85830E9 /* GCDWebServerDataRequest.m */,
				D7DABA043E5B463E91E4A082 /* GCDWebServerFileRequest.m */,
				5B3A175A152142448298DCE3 /* GCDWebServerMultiPartFormRequest.m */,
				97D559E53A76495D8BECFA62 /* GCDWebServerURLEncodedFormRequest.m */,
				16691EADC2FD447E8929B242 /* GCDWebServerDataResponse.m */,
				6626C6062C0E4981A63E03B1 /* GCDWebServerErrorResponse.m */,
				CC6E967D2EE244F0BC14FB77 /* GCDWebServerFileResponse.m */,
				57263B79F2B5471B8FF26D90 /* GCDWebServerStreamedResponse.m */,
				F3357F601DCB4A1D9ACEDB1A /* CDVWKWebViewEngine.h */,
				1546950B8BFE42C1A5614FD8 /* CDVWKWebViewUIDelegate.h */,
				B31F3EF5C56D4E1BA1137BC0 /* CDVWKProcessPoolFactory.h */,
				B68B294A54394D8B83C5C468 /* GCDWebServer.h */,
				CF8E9CBEC05E40F19C84D420 /* GCDWebServerConnection.h */,
				583DBB527BC64FA2AD27F5A1 /* GCDWebServerFunctions.h */,
				C45FF2E5357540A287E0F411 /* GCDWebServerHTTPStatusCodes.h */,
				7A87DA989C554CCEBA738927 /* GCDWebServerPrivate.h */,
				C697B9588B3E49D9BC74DB03 /* GCDWebServerRequest.h */,
				F81C2C8762C346EC88B7F46E /* GCDWebServerResponse.h */,
				45C6F430F87E4265BE6114F2 /* GCDWebServerDataRequest.h */,
				E7F156ED60C247B5B4C72121 /* GCDWebServerFileRequest.h */,
				5BACEB3F9B9D46828DB419E0 /* GCDWebServerMultiPartFormRequest.h */,
				2ECF577742AE421CA2F37C02 /* GCDWebServerURLEncodedFormRequest.h */,
				EA7DCF124372439BB5F80E22 /* GCDWebServerDataResponse.h */,
				6252EA651C4E4BD29ED9CF4C /* GCDWebServerErrorResponse.h */,
				B3481F13F76D48CDBC414047 /* GCDWebServerFileResponse.h */,
				A821F45F3D1B4254A896D9E2 /* GCDWebServerStreamedResponse.h */,
				DBF809FBBED14012A8C3973B /* CDVIonicKeyboard.m */,
				3C9C89920C414CE1B96CB2BA /* CDVIonicKeyboard.h */,
				C88A54ED7CFD4CB289D04A8D /* CFCallNumber.m */,
				0E0D9C55C67B4864AC325F0B /* CFCallNumber.h */,
				7213E820A59341A78AA422AD /* GooglePlus.m */,
				479CE52CEB3E4A4EB72DC6E3 /* GooglePlus.h */,
			);
			name = Plugins;
			path = projectBed/Plugins;
			sourceTree = SOURCE_ROOT;
		};
		EB87FDF11871DA420020F90C /* Staging */ = {
			isa = PBXGroup;
			children = (
				F840E1F0165FE0F500CFE078 /* config.xml */,
				301BF56E109A69640062928A /* www */,
			);
			name = Staging;
			sourceTree = "<group>";
		};
/* End PBXGroup section */

/* Begin PBXNativeTarget section */
		1D6058900D05DD3D006BFB54 /* projectBed */ = {
			isa = PBXNativeTarget;
			buildConfigurationList = 1D6058960D05DD3E006BFB54 /* Build configuration list for PBXNativeTarget "projectBed" */;
			buildPhases = (
				304B58A110DAC018002A0835 /* Copy www directory */,
				1D60588D0D05DD3D006BFB54 /* Resources */,
				1D60588E0D05DD3D006BFB54 /* Sources */,
				1D60588F0D05DD3D006BFB54 /* Frameworks */,
			);
			buildRules = (
			);
			dependencies = (
				301BF551109A68C00062928A /* PBXTargetDependency */,
			);
			name = projectBed;
			productName = projectBed;
			productReference = 1D6058910D05DD3D006BFB54 /* projectBed.app */;
			productType = "com.apple.product-type.application";
		};
/* End PBXNativeTarget section */

/* Begin PBXProject section */
		29B97313FDCFA39411CA2CEA /* Project object */ = {
			isa = PBXProject;
			attributes = {
				LastUpgradeCheck = 920;
			};
			buildConfigurationList = C01FCF4E08A954540054247B /* Build configuration list for PBXProject "projectBed" */;
			compatibilityVersion = "Xcode 3.2";
			developmentRegion = English;
			hasScannedForEncodings = 1;
			knownRegions = (
				en,
			);
			mainGroup = 29B97314FDCFA39411CA2CEA /* CustomTemplate */;
			projectDirPath = "";
			projectReferences = (
				{
					ProductGroup = 301BF52E109A57CC0062928A /* Products */;
					ProjectRef = 301BF52D109A57CC0062928A /* CordovaLib/CordovaLib.xcodeproj */;
				},
			);
			projectRoot = "";
			targets = (
				1D6058900D05DD3D006BFB54 /* projectBed */,
			);
		};
/* End PBXProject section */

/* Begin PBXReferenceProxy section */
		301BF535109A57CC0062928A /* libCordova.a */ = {
			isa = PBXReferenceProxy;
			fileType = archive.ar;
			path = libCordova.a;
			remoteRef = 301BF534109A57CC0062928A /* PBXContainerItemProxy */;
			sourceTree = BUILT_PRODUCTS_DIR;
		};
		31E7C8B92060E81900E60698 /* Cordova.framework */ = {
			isa = PBXReferenceProxy;
			fileType = wrapper.framework;
			path = Cordova.framework;
			remoteRef = 31E7C8B82060E81900E60698 /* PBXContainerItemProxy */;
			sourceTree = BUILT_PRODUCTS_DIR;
		};
/* End PBXReferenceProxy section */

/* Begin PBXResourcesBuildPhase section */
		1D60588D0D05DD3D006BFB54 /* Resources */ = {
			isa = PBXResourcesBuildPhase;
			buildActionMask = 2147483647;
			files = (
				302D95F214D2391D003F00A1 /* MainViewController.xib in Resources */,
				0207DA581B56EA530066E2B4 /* Images.xcassets in Resources */,
				6AFF5BF91D6E424B00AB3073 /* CDVLaunchScreen.storyboard in Resources */,
				1F40354FF23D45CAB946CE91 /* projectBed.entitlements in Resources */,
			);
			runOnlyForDeploymentPostprocessing = 0;
		};
/* End PBXResourcesBuildPhase section */

/* Begin PBXShellScriptBuildPhase section */
		304B58A110DAC018002A0835 /* Copy www directory */ = {
			isa = PBXShellScriptBuildPhase;
			buildActionMask = 2147483647;
			files = (
			);
			inputPaths = (
			);
			name = "Copy www directory";
			outputPaths = (
			);
			runOnlyForDeploymentPostprocessing = 0;
			shellPath = /bin/sh;
			shellScript = "NODEJS_PATH=/usr/local/bin; NVM_NODE_PATH=~/.nvm/versions/node/`nvm version 2>/dev/null`/bin; N_NODE_PATH=`find /usr/local/n/versions/node/* -maxdepth 0 -type d 2>/dev/null | tail -1`/bin; XCODE_NODE_PATH=`xcode-select --print-path`/usr/share/xcs/Node/bin; PATH=$NODEJS_PATH:$NVM_NODE_PATH:$N_NODE_PATH:$XCODE_NODE_PATH:$PATH && node cordova/lib/copy-www-build-step.js";
			showEnvVarsInLog = 0;
		};
/* End PBXShellScriptBuildPhase section */

/* Begin PBXSourcesBuildPhase section */
		1D60588E0D05DD3D006BFB54 /* Sources */ = {
			isa = PBXSourcesBuildPhase;
			buildActionMask = 2147483647;
			files = (
				1D60589B0D05DD56006BFB54 /* main.m in Sources */,
				1D3623260D0F684500981E51 /* AppDelegate.m in Sources */,
				302D95F114D2391D003F00A1 /* MainViewController.m in Sources */,
				175AB38375A34331A2481974 /* CDVDevice.m in Sources */,
				8843A7F380594B8887A68E3C /* CDVSplashScreen.m in Sources */,
				2CE4CA20A564473290F0139D /* CDVViewController+SplashScreen.m in Sources */,
				70721D0AF9A14F42A8657373 /* CDVWKWebViewEngine.m in Sources */,
				955F4B2ED3114EDE80B3CCD5 /* CDVWKWebViewUIDelegate.m in Sources */,
				5E111FDD2A5F437E9080C5F2 /* CDVWKProcessPoolFactory.m in Sources */,
				137F70A983DE4DADBE5FC316 /* GCDWebServer.m in Sources */,
				6F69AE0AD68845169099D571 /* GCDWebServerConnection.m in Sources */,
				BCA21702985E470B8A2721F4 /* GCDWebServerFunctions.m in Sources */,
				FDFF92CC5BF6488793CE3BE5 /* GCDWebServerRequest.m in Sources */,
				61E3D669592949FA8A9650C5 /* GCDWebServerResponse.m in Sources */,
				23356F43C8404BFBB1819750 /* GCDWebServerDataRequest.m in Sources */,
				1E9C683322884261A12E9A70 /* GCDWebServerFileRequest.m in Sources */,
				0F32817FB1E447D5A7FE9F34 /* GCDWebServerMultiPartFormRequest.m in Sources */,
				21B3708CD6004ADBA82A3DA1 /* GCDWebServerURLEncodedFormRequest.m in Sources */,
				3DE8B49574ED4A82B98F2953 /* GCDWebServerDataResponse.m in Sources */,
				622E232CBA46499D83554D7F /* GCDWebServerErrorResponse.m in Sources */,
				9BA2E95618AE400993843563 /* GCDWebServerFileResponse.m in Sources */,
				F4C4F1198B1A4EB4A85AABA5 /* GCDWebServerStreamedResponse.m in Sources */,
				56D8C70BF2424BF084312AB0 /* CDVIonicKeyboard.m in Sources */,
				86E1AD7DE1A5466D959D381F /* CFCallNumber.m in Sources */,
				D60433EAFD8D418295AB9DEA /* GooglePlus.m in Sources */,
			);
			runOnlyForDeploymentPostprocessing = 0;
		};
/* End PBXSourcesBuildPhase section */

/* Begin PBXTargetDependency section */
		301BF551109A68C00062928A /* PBXTargetDependency */ = {
			isa = PBXTargetDependency;
			name = CordovaLib;
			targetProxy = 301BF550109A68C00062928A /* PBXContainerItemProxy */;
		};
/* End PBXTargetDependency section */

/* Begin XCBuildConfiguration section */
		1D6058940D05DD3E006BFB54 /* Debug */ = {
			isa = XCBuildConfiguration;
			baseConfigurationReference = 3047A50F1AB8059700498E2A /* build-debug.xcconfig */;
			buildSettings = {
				ALWAYS_SEARCH_USER_PATHS = NO;
				ASSETCATALOG_COMPILER_APPICON_NAME = AppIcon;
				ASSETCATALOG_COMPILER_LAUNCHIMAGE_NAME = LaunchImage;
				CLANG_ENABLE_MODULES = YES;
				CLANG_ENABLE_OBJC_ARC = YES;
				COPY_PHASE_STRIP = NO;
				GCC_DYNAMIC_NO_PIC = NO;
				GCC_OPTIMIZATION_LEVEL = 0;
				GCC_PRECOMPILE_PREFIX_HEADER = YES;
				GCC_PREFIX_HEADER = "projectBed/projectBed-Prefix.pch";
				GCC_THUMB_SUPPORT = NO;
				GCC_VERSION = "";
				INFOPLIST_FILE = "projectBed/projectBed-Info.plist";
				IPHONEOS_DEPLOYMENT_TARGET = 9.0;
				LD_RUNPATH_SEARCH_PATHS = "@executable_path/Frameworks";
				PRODUCT_BUNDLE_IDENTIFIER = io.ionic.starter;
				PRODUCT_NAME = projectBed;
				TARGETED_DEVICE_FAMILY = "1,2";
				FRAMEWORK_SEARCH_PATHS = (
					"$(inherited)",
					"\"projectBed/Plugins/cordova-plugin-googleplus\"",
					"\"projectBed/Plugins/cordova-plugin-googleplus\"",
					"\"projectBed/Plugins/cordova-plugin-googleplus\"",
					"\"projectBed/Plugins/cordova-plugin-googleplus\"",
					"\"projectBed/Plugins/cordova-plugin-googleplus\"",
					"\"projectBed/Plugins/cordova-plugin-googleplus\"",
					"\"projectBed/Plugins/cordova-plugin-googleplus\"",
					"\"projectBed/Plugins/cordova-plugin-googleplus\"",
					"\"projectBed/Plugins/cordova-plugin-googleplus\"",
					"\"projectBed/Plugins/cordova-plugin-googleplus\"",
					"\"projectBed/Plugins/cordova-plugin-googleplus\"",
					"\"projectBed/Plugins/cordova-plugin-googleplus\"",
				);
				CODE_SIGN_ENTITLEMENTS = "projectBed/Resources/projectBed.entitlements";
			};
			name = Debug;
		};
		1D6058950D05DD3E006BFB54 /* Release */ = {
			isa = XCBuildConfiguration;
			baseConfigurationReference = 3047A5101AB8059700498E2A /* build-release.xcconfig */;
			buildSettings = {
				ALWAYS_SEARCH_USER_PATHS = NO;
				ASSETCATALOG_COMPILER_APPICON_NAME = AppIcon;
				ASSETCATALOG_COMPILER_LAUNCHIMAGE_NAME = LaunchImage;
				CLANG_ENABLE_MODULES = YES;
				CLANG_ENABLE_OBJC_ARC = YES;
				COPY_PHASE_STRIP = YES;
				GCC_PRECOMPILE_PREFIX_HEADER = YES;
				GCC_PREFIX_HEADER = "projectBed/projectBed-Prefix.pch";
				GCC_THUMB_SUPPORT = NO;
				GCC_VERSION = "";
				INFOPLIST_FILE = "projectBed/projectBed-Info.plist";
				IPHONEOS_DEPLOYMENT_TARGET = 9.0;
				LD_RUNPATH_SEARCH_PATHS = "@executable_path/Frameworks";
				PRODUCT_BUNDLE_IDENTIFIER = io.ionic.starter;
				PRODUCT_NAME = projectBed;
				TARGETED_DEVICE_FAMILY = "1,2";
				FRAMEWORK_SEARCH_PATHS = (
					"$(inherited)",
					"\"projectBed/Plugins/cordova-plugin-googleplus\"",
					"\"projectBed/Plugins/cordova-plugin-googleplus\"",
					"\"projectBed/Plugins/cordova-plugin-googleplus\"",
					"\"projectBed/Plugins/cordova-plugin-googleplus\"",
					"\"projectBed/Plugins/cordova-plugin-googleplus\"",
					"\"projectBed/Plugins/cordova-plugin-googleplus\"",
					"\"projectBed/Plugins/cordova-plugin-googleplus\"",
					"\"projectBed/Plugins/cordova-plugin-googleplus\"",
					"\"projectBed/Plugins/cordova-plugin-googleplus\"",
					"\"projectBed/Plugins/cordova-plugin-googleplus\"",
					"\"projectBed/Plugins/cordova-plugin-googleplus\"",
					"\"projectBed/Plugins/cordova-plugin-googleplus\"",
				);
				CODE_SIGN_ENTITLEMENTS = "projectBed/Resources/projectBed.entitlements";
			};
			name = Release;
		};
		C01FCF4F08A954540054247B /* Debug */ = {
			isa = XCBuildConfiguration;
			baseConfigurationReference = 3047A5111AB8059700498E2A /* build.xcconfig */;
			buildSettings = {
				CLANG_ENABLE_MODULES = YES;
				CLANG_ENABLE_OBJC_ARC = YES;
				CLANG_WARN_BLOCK_CAPTURE_AUTORELEASING = YES;
				CLANG_WARN_BOOL_CONVERSION = YES;
				CLANG_WARN_COMMA = YES;
				CLANG_WARN_CONSTANT_CONVERSION = YES;
				CLANG_WARN_EMPTY_BODY = YES;
				CLANG_WARN_ENUM_CONVERSION = YES;
				CLANG_WARN_INFINITE_RECURSION = YES;
				CLANG_WARN_INT_CONVERSION = YES;
				CLANG_WARN_NON_LITERAL_NULL_CONVERSION = YES;
				CLANG_WARN_OBJC_LITERAL_CONVERSION = YES;
				CLANG_WARN_RANGE_LOOP_ANALYSIS = YES;
				CLANG_WARN_STRICT_PROTOTYPES = YES;
				CLANG_WARN_SUSPICIOUS_MOVE = YES;
				CLANG_WARN_UNREACHABLE_CODE = YES;
				CLANG_WARN__DUPLICATE_METHOD_MATCH = YES;
				ENABLE_STRICT_OBJC_MSGSEND = YES;
				ENABLE_TESTABILITY = YES;
				GCC_C_LANGUAGE_STANDARD = c99;
				GCC_NO_COMMON_BLOCKS = YES;
				GCC_THUMB_SUPPORT = NO;
				GCC_VERSION = "";
				GCC_WARN_64_TO_32_BIT_CONVERSION = YES;
				GCC_WARN_ABOUT_RETURN_TYPE = YES;
				GCC_WARN_UNDECLARED_SELECTOR = YES;
				GCC_WARN_UNINITIALIZED_AUTOS = YES;
				GCC_WARN_UNUSED_FUNCTION = YES;
				GCC_WARN_UNUSED_VARIABLE = YES;
				ONLY_ACTIVE_ARCH = YES;
				SDKROOT = iphoneos;
				SKIP_INSTALL = NO;
				CODE_SIGN_ENTITLEMENTS = "projectBed/Resources/projectBed.entitlements";
			};
			name = Debug;
		};
		C01FCF5008A954540054247B /* Release */ = {
			isa = XCBuildConfiguration;
			baseConfigurationReference = 3047A5111AB8059700498E2A /* build.xcconfig */;
			buildSettings = {
				CLANG_ENABLE_MODULES = YES;
				CLANG_ENABLE_OBJC_ARC = YES;
				CLANG_WARN_BLOCK_CAPTURE_AUTORELEASING = YES;
				CLANG_WARN_BOOL_CONVERSION = YES;
				CLANG_WARN_COMMA = YES;
				CLANG_WARN_CONSTANT_CONVERSION = YES;
				CLANG_WARN_EMPTY_BODY = YES;
				CLANG_WARN_ENUM_CONVERSION = YES;
				CLANG_WARN_INFINITE_RECURSION = YES;
				CLANG_WARN_INT_CONVERSION = YES;
				CLANG_WARN_NON_LITERAL_NULL_CONVERSION = YES;
				CLANG_WARN_OBJC_LITERAL_CONVERSION = YES;
				CLANG_WARN_RANGE_LOOP_ANALYSIS = YES;
				CLANG_WARN_STRICT_PROTOTYPES = YES;
				CLANG_WARN_SUSPICIOUS_MOVE = YES;
				CLANG_WARN_UNREACHABLE_CODE = YES;
				CLANG_WARN__DUPLICATE_METHOD_MATCH = YES;
				ENABLE_STRICT_OBJC_MSGSEND = YES;
				GCC_C_LANGUAGE_STANDARD = c99;
				GCC_NO_COMMON_BLOCKS = YES;
				GCC_THUMB_SUPPORT = NO;
				GCC_VERSION = "";
				GCC_WARN_64_TO_32_BIT_CONVERSION = YES;
				GCC_WARN_ABOUT_RETURN_TYPE = YES;
				GCC_WARN_UNDECLARED_SELECTOR = YES;
				GCC_WARN_UNINITIALIZED_AUTOS = YES;
				GCC_WARN_UNUSED_FUNCTION = YES;
				GCC_WARN_UNUSED_VARIABLE = YES;
				SDKROOT = iphoneos;
				SKIP_INSTALL = NO;
				CODE_SIGN_ENTITLEMENTS = "projectBed/Resources/projectBed.entitlements";
			};
			name = Release;
		};
/* End XCBuildConfiguration section */

/* Begin XCConfigurationList section */
		1D6058960D05DD3E006BFB54 /* Build configuration list for PBXNativeTarget "projectBed" */ = {
			isa = XCConfigurationList;
			buildConfigurations = (
				1D6058940D05DD3E006BFB54 /* Debug */,
				1D6058950D05DD3E006BFB54 /* Release */,
			);
			defaultConfigurationIsVisible = 0;
			defaultConfigurationName = Release;
		};
		C01FCF4E08A954540054247B /* Build configuration list for PBXProject "projectBed" */ = {
			isa = XCConfigurationList;
			buildConfigurations = (
				C01FCF4F08A954540054247B /* Debug */,
				C01FCF5008A954540054247B /* Release */,
			);
			defaultConfigurationIsVisible = 0;
			defaultConfigurationName = Release;
		};
/* End XCConfigurationList section */
	};
	rootObject = 29B97313FDCFA39411CA2CEA /* Project object */;
}
